
Microsoft Visual Studio Solution File, Format Version 12.00
# Visual Studio 15
VisualStudioVersion = 15.0.27130.2010
MinimumVisualStudioVersion = 10.0.40219.1
Project("{FAE04EC0-301F-11D3-BF4B-00C04F79EFBC}") = "TicTacToe", "TicTacToe\TicTacToe.csproj", "{7B614E71-0D90-4FAC-A59E-47D361BF3216}"
EndProject
Global
	GlobalSection(SolutionConfigurationPlatforms) = preSolution
		Debug|Any CPU = Debug|Any CPU
		Release|Any CPU = Release|Any CPU
	EndGlobalSection
	GlobalSection(ProjectConfigurationPlatforms) = postSolution
		{7B614E71-0D90-4FAC-A59E-47D361BF3216}.Debug|Any CPU.ActiveCfg = Debug|Any CPU
		{7B614E71-0D90-4FAC-A59E-47D361BF3216}.Debug|Any CPU.Build.0 = Debug|Any CPU
		{7B614E71-0D90-4FAC-A59E-47D361BF3216}.Release|Any CPU.ActiveCfg = Release|Any CPU
		{7B614E71-0D90-4FAC-A59E-47D361BF3216}.Release|Any CPU.Build.0 = Release|Any CPU
	EndGlobalSection
	GlobalSection(SolutionProperties) = preSolution
		HideSolutionNode = FALSE
	EndGlobalSection
	GlobalSection(ExtensibilityGlobals) = postSolution
		SolutionGuid = {7A3A0574-2AB6-4CDC-836F-A8D7708E0774}
	EndGlobalSection
EndGlobal
